
Microsoft Visual Studio Solution File, Format Version 12.00
Project("{FAE04EC0-301F-11D3-BF4B-00C04F79EFBC}") = "InfiniteDemand", "InfiniteDemand\InfiniteDemand.csproj", "{B13DCAB2-F0B0-4FFA-B226-13084C75525B}"
EndProject
Global
	GlobalSection(SolutionConfigurationPlatforms) = preSolution
		Debug|Any CPU = Debug|Any CPU
		Release|Any CPU = Release|Any CPU
	EndGlobalSection
	GlobalSection(ProjectConfigurationPlatforms) = postSolution
		{B13DCAB2-F0B0-4FFA-B226-13084C75525B}.Debug|Any CPU.ActiveCfg = Debug|Any CPU
		{B13DCAB2-F0B0-4FFA-B226-13084C75525B}.Debug|Any CPU.Build.0 = Debug|Any CPU
		{B13DCAB2-F0B0-4FFA-B226-13084C75525B}.Release|Any CPU.ActiveCfg = Release|Any CPU
		{B13DCAB2-F0B0-4FFA-B226-13084C75525B}.Release|Any CPU.Build.0 = Release|Any CPU
	EndGlobalSection
EndGlobal
